<?xml version="1.0" encoding="UTF-8"?>
<Scheme
   LastUpgradeVersion = "1130"
   version = "1.3">
   <BuildAction
      parallelizeBuildables = "YES"
      buildImplicitDependencies = "YES">
      <BuildActionEntries>
         <BuildActionEntry
            buildForTesting = "YES"
            buildForRunning = "YES"
            buildForProfiling = "YES"
            buildForArchiving = "YES"
            buildForAnalyzing = "YES">
            <BuildableReference
               BuildableIdentifier = "primary"
               BlueprintIdentifier = "382DEE9E241AE19E001C7B5C"
               BuildableName = "Project3"
               BlueprintName = "Project3"
               ReferencedContainer = "container:Project3.xcodeproj">
            </BuildableReference>
         </BuildActionEntry>
      </BuildActionEntries>
   </BuildAction>
   <TestAction
      buildConfiguration = "Debug"
      selectedDebuggerIdentifier = "Xcode.DebuggerFoundation.Debugger.LLDB"
      selectedLauncherIdentifier = "Xcode.DebuggerFoundation.Launcher.LLDB"
      shouldUseLaunchSchemeArgsEnv = "YES">
      <Testables>
      </Testables>
   </TestAction>
   <LaunchAction
      buildConfiguration = "Debug"
      selectedDebuggerIdentifier = "Xcode.DebuggerFoundation.Debugger.LLDB"
      selectedLauncherIdentifier = "Xcode.DebuggerFoundation.Launcher.LLDB"
      launchStyle = "0"
      useCustomWorkingDirectory = "NO"
      ignoresPersistentStateOnLaunch = "NO"
      debugDocumentVersioning = "YES"
      debugServiceExtension = "internal"
      allowLocationSimulation = "YES">
      <BuildableProductRunnable
         runnableDebuggingMode = "0">
         <BuildableReference
            BuildableIdentifier = "primary"
            BlueprintIdentifier = "382DEE9E241AE19E001C7B5C"
            BuildableName = "Project3"
            BlueprintName = "Project3"
            ReferencedContainer = "container:Project3.xcodeproj">
         </BuildableReference>
      </BuildableProductRunnable>
      <CommandLineArguments>
         <CommandLineArgument
            argument = "./silly"
            isEnabled = "YES">
         </CommandLineArgument>
         <CommandLineArgument
            argument = "&lt; &quot;/Users/Akash/Desktop/EECS281/Project3/Project3/test-11-table-commands.txt&quot;"
            isEnabled = "NO">
         </CommandLineArgument>
         <CommandLineArgument
            argument = "&lt; &quot;/Users/Akash/Desktop/EECS281/Project3/Project3/test-8-table-commands.txt&quot;"
            isEnabled = "YES">
         </CommandLineArgument>
         <CommandLineArgument
            argument = "&lt; &quot;/Users/Akash/Desktop/EECS281/Project3/Project3/recreate_table.txt&quot;"
            isEnabled = "NO">
         </CommandLineArgument>
         <CommandLineArgument
            argument = "&lt; &quot;/Users/Akash/Desktop/EECS281/Project3/Project3/test-5-table-commands.txt&quot;"
            isEnabled = "NO">
         </CommandLineArgument>
         <CommandLineArgument
            argument = "./silly -q"
            isEnabled = "NO">
         </CommandLineArgument>
         <CommandLineArgument
            argument = "&lt; &quot;/Users/Akash/Desktop/EECS281/Project3/Project3/P3-Larger-Samples-Mac-Unix/long-quiet-input.txt&quot;"
            isEnabled = "NO">
         </CommandLineArgument>
         <CommandLineArgument
            argument = "&lt; &quot;/Users/Akash/Desktop/EECS281/Project3/Project3/error_check9.txt&quot;"
            isEnabled = "NO">
         </CommandLineArgument>
         <CommandLineArgument
            argument = "&lt; &quot;/Users/Akash/Desktop/EECS281/Project3/Project3/error_check8.txt&quot;"
            isEnabled = "NO">
         </CommandLineArgument>
         <CommandLineArgument
            argument = "&lt; &quot;/Users/Akash/Desktop/EECS281/Project3/Project3/error_check7.txt&quot;"
            isEnabled = "NO">
         </CommandLineArgument>
         <CommandLineArgument
            argument = "&lt; &quot;/Users/Akash/Desktop/EECS281/Project3/Project3/error_check6.txt&quot;"
            isEnabled = "NO">
         </CommandLineArgument>
         <CommandLineArgument
            argument = "&lt; &quot;/Users/Akash/Desktop/EECS281/Project3/Project3/error_check5.txt&quot;"
            isEnabled = "NO">
         </CommandLineArgument>
         <CommandLineArgument
            argument = "&lt; &quot;/Users/Akash/Desktop/EECS281/Project3/Project3/error_check4.txt&quot;"
            isEnabled = "NO">
         </CommandLineArgument>
         <CommandLineArgument
            argument = "&lt; &quot;/Users/Akash/Desktop/EECS281/Project3/Project3/error_check3.txt&quot;"
            isEnabled = "NO">
         </CommandLineArgument>
         <CommandLineArgument
            argument = "&lt; &quot;/Users/Akash/Desktop/EECS281/Project3/Project3/error_check2.txt&quot;"
            isEnabled = "NO">
         </CommandLineArgument>
         <CommandLineArgument
            argument = "&lt; &quot;/Users/Akash/Desktop/EECS281/Project3/Project3/error_check1.txt&quot;"
            isEnabled = "NO">
         </CommandLineArgument>
         <CommandLineArgument
            argument = "&lt; &quot;/Users/Akash/Desktop/EECS281/Project3/Project3/generate_hash2.txt&quot;"
            isEnabled = "NO">
         </CommandLineArgument>
         <CommandLineArgument
            argument = "&lt; &quot;/Users/Akash/Desktop/EECS281/Project3/Project3/generate_test3.txt&quot;"
            isEnabled = "NO">
         </CommandLineArgument>
         <CommandLineArgument
            argument = "&lt; &quot;/Users/Akash/Desktop/EECS281/Project3/Project3/generate_test2.txt&quot;"
            isEnabled = "NO">
         </CommandLineArgument>
         <CommandLineArgument
            argument = "&lt; &quot;/Users/Akash/Desktop/EECS281/Project3/Project3/generate_test1.txt&quot;"
            isEnabled = "NO">
         </CommandLineArgument>
         <CommandLineArgument
            argument = "&lt; &quot;/Users/Akash/Desktop/EECS281/Project3/Project3/P3-Larger-Samples-Mac-Unix/short-input.txt&quot;"
            isEnabled = "NO">
         </CommandLineArgument>
         <CommandLineArgument
            argument = "&lt; &quot;/Users/Akash/Desktop/EECS281/Project3/Project3/generate_6.txt&quot;"
            isEnabled = "NO">
         </CommandLineArgument>
         <CommandLineArgument
            argument = "&lt; &quot;/Users/Akash/Desktop/EECS281/Project3/Project3/generate_hash1.txt&quot;"
            isEnabled = "NO">
         </CommandLineArgument>
         <CommandLineArgument
            argument = "&lt; &quot;/Users/Akash/Desktop/EECS281/Project3/Project3/delete_from_test1.txt&quot;"
            isEnabled = "NO">
         </CommandLineArgument>
         <CommandLineArgument
            argument = "&lt; &quot;/Users/Akash/Desktop/EECS281/Project3/Project3/join_test1.txt&quot;"
            isEnabled = "NO">
         </CommandLineArgument>
         <CommandLineArgument
            argument = "&lt; &quot;/Users/Akash/Desktop/EECS281/Project3/Project3/print_where_test3.txt&quot;"
            isEnabled = "NO">
         </CommandLineArgument>
         <CommandLineArgument
            argument = "&lt; &quot;/Users/Akash/Desktop/EECS281/Project3/Project3/print_where_test2.txt&quot;"
            isEnabled = "NO">
         </CommandLineArgument>
         <CommandLineArgument
            argument = "&lt; &quot;/Users/Akash/Desktop/EECS281/Project3/Project3/print_where_test.txt&quot;"
            isEnabled = "NO">
         </CommandLineArgument>
         <CommandLineArgument
            argument = "&lt; &quot;/Users/Akash/Desktop/EECS281/Project3/Project3/checkpoint_3_input.txt&quot;"
            isEnabled = "NO">
         </CommandLineArgument>
         <CommandLineArgument
            argument = "&lt; &quot;/Users/Akash/Desktop/EECS281/Project3/Project3/spec_input.txt&quot;"
            isEnabled = "NO">
         </CommandLineArgument>
         <CommandLineArgument
            argument = "&lt; &quot;/Users/Akash/Desktop/EECS281/Project3/Project3/inset_test2.txt&quot;"
            isEnabled = "NO">
         </CommandLineArgument>
         <CommandLineArgument
            argument = "&lt; &quot;/Users/Akash/Desktop/EECS281/Project3/Project3/INSERT_TEST.txt&quot;"
            isEnabled = "NO">
         </CommandLineArgument>
         <CommandLineArgument
            argument = "&lt; &quot;/Users/Akash/Desktop/EECS281/Project3/Project3/checkpoint_1_input.txt&quot;"
            isEnabled = "NO">
         </CommandLineArgument>
         <CommandLineArgument
            argument = "&lt; &quot;/Users/Akash/Desktop/EECS281/Project3/Project3/checkpoint_2_input.txt&quot;"
            isEnabled = "NO">
         </CommandLineArgument>
      </CommandLineArguments>
   </LaunchAction>
   <ProfileAction
      buildConfiguration = "Release"
      shouldUseLaunchSchemeArgsEnv = "YES"
      savedToolIdentifier = ""
      useCustomWorkingDirectory = "NO"
      debugDocumentVersioning = "YES">
      <BuildableProductRunnable
         runnableDebuggingMode = "0">
         <BuildableReference
            BuildableIdentifier = "primary"
            BlueprintIdentifier = "382DEE9E241AE19E001C7B5C"
            BuildableName = "Project3"
            BlueprintName = "Project3"
            ReferencedContainer = "container:Project3.xcodeproj">
         </BuildableReference>
      </BuildableProductRunnable>
   </ProfileAction>
   <AnalyzeAction
      buildConfiguration = "Debug">
   </AnalyzeAction>
   <ArchiveAction
      buildConfiguration = "Release"
      revealArchiveInOrganizer = "YES">
   </ArchiveAction>
</Scheme>
